
Microsoft Visual Studio Solution File, Format Version 12.00
# Visual Studio Version 17
VisualStudioVersion = 17.0.32126.317
MinimumVisualStudioVersion = 10.0.40219.1
Project("{FAE04EC0-301F-11D3-BF4B-00C04F79EFBC}") = "testappforjenkins", "testappforjenkins\testappforjenkins.csproj", "{A3B9C2F1-42F9-4715-A199-A0DCBB8ADD88}"
EndProject
Global
	GlobalSection(SolutionConfigurationPlatforms) = preSolution
		Debug|Any CPU = Debug|Any CPU
		Release|Any CPU = Release|Any CPU
	EndGlobalSection
	GlobalSection(ProjectConfigurationPlatforms) = postSolution
		{A3B9C2F1-42F9-4715-A199-A0DCBB8ADD88}.Debug|Any CPU.ActiveCfg = Debug|Any CPU
		{A3B9C2F1-42F9-4715-A199-A0DCBB8ADD88}.Debug|Any CPU.Build.0 = Debug|Any CPU
		{A3B9C2F1-42F9-4715-A199-A0DCBB8ADD88}.Release|Any CPU.ActiveCfg = Release|Any CPU
		{A3B9C2F1-42F9-4715-A199-A0DCBB8ADD88}.Release|Any CPU.Build.0 = Release|Any CPU
	EndGlobalSection
	GlobalSection(SolutionProperties) = preSolution
		HideSolutionNode = FALSE
	EndGlobalSection
	GlobalSection(ExtensibilityGlobals) = postSolution
		SolutionGuid = {23396461-3454-444E-A3DB-024781E889D0}
	EndGlobalSection
EndGlobal
